
Microsoft Visual Studio Solution File, Format Version 12.00
# Visual Studio Version 16
VisualStudioVersion = 16.0.29613.14
MinimumVisualStudioVersion = 10.0.40219.1
Project("{FAE04EC0-301F-11D3-BF4B-00C04F79EFBC}") = "ShadowPanel", "ShadowPanel\ShadowPanel.csproj", "{E4A93A7D-7C34-4542-BBED-1E70E7A65329}"
EndProject
Project("{FAE04EC0-301F-11D3-BF4B-00C04F79EFBC}") = "ShadowPanelTest", "ShadowPanelTest\ShadowPanelTest.csproj", "{CF6F276C-DE2B-4639-8AF1-7FE6A9C9EFD1}"
EndProject
Global
	GlobalSection(SolutionConfigurationPlatforms) = preSolution
		Debug|Any CPU = Debug|Any CPU
		Release|Any CPU = Release|Any CPU
	EndGlobalSection
	GlobalSection(ProjectConfigurationPlatforms) = postSolution
		{E4A93A7D-7C34-4542-BBED-1E70E7A65329}.Debug|Any CPU.ActiveCfg = Debug|Any CPU
		{E4A93A7D-7C34-4542-BBED-1E70E7A65329}.Debug|Any CPU.Build.0 = Debug|Any CPU
		{E4A93A7D-7C34-4542-BBED-1E70E7A65329}.Release|Any CPU.ActiveCfg = Release|Any CPU
		{E4A93A7D-7C34-4542-BBED-1E70E7A65329}.Release|Any CPU.Build.0 = Release|Any CPU
		{CF6F276C-DE2B-4639-8AF1-7FE6A9C9EFD1}.Debug|Any CPU.ActiveCfg = Debug|Any CPU
		{CF6F276C-DE2B-4639-8AF1-7FE6A9C9EFD1}.Debug|Any CPU.Build.0 = Debug|Any CPU
		{CF6F276C-DE2B-4639-8AF1-7FE6A9C9EFD1}.Release|Any CPU.ActiveCfg = Release|Any CPU
		{CF6F276C-DE2B-4639-8AF1-7FE6A9C9EFD1}.Release|Any CPU.Build.0 = Release|Any CPU
	EndGlobalSection
	GlobalSection(SolutionProperties) = preSolution
		HideSolutionNode = FALSE
	EndGlobalSection
	GlobalSection(ExtensibilityGlobals) = postSolution
		SolutionGuid = {515C52EA-1422-4D93-A4F0-F06CAF8A240D}
	EndGlobalSection
EndGlobal
